// !$*UTF8*$!
{
	archiveVersion = 1;
	classes = {
	};
	objectVersion = 51;
	objects = {

/* Begin PBXBuildFile section */
		87089E022771190600F563A3 /* LoginManager.swift in Sources */ = {isa = PBXBuildFile; fileRef = 87089E012771190600F563A3 /* LoginManager.swift */; };
		87089E0627712C8300F563A3 /* BaseViewController.swift in Sources */ = {isa = PBXBuildFile; fileRef = 87089E0527712C8300F563A3 /* BaseViewController.swift */; };
		87200F64272D855400D59E52 /* HomeViewController.swift in Sources */ = {isa = PBXBuildFile; fileRef = 87200F63272D855400D59E52 /* HomeViewController.swift */; };
		87200F6A272D89C800D59E52 /* ProfileViewController.swift in Sources */ = {isa = PBXBuildFile; fileRef = 87200F69272D89C800D59E52 /* ProfileViewController.swift */; };
		872B5182277512000053C985 /* PostService.swift in Sources */ = {isa = PBXBuildFile; fileRef = 872B5181277512000053C985 /* PostService.swift */; };
		8735574D27160C790013093E /* UserService.swift in Sources */ = {isa = PBXBuildFile; fileRef = 8735574C27160C790013093E /* UserService.swift */; };
		87498ECB271C35F800CA5AF6 /* LoginViewController.swift in Sources */ = {isa = PBXBuildFile; fileRef = 87498ECA271C35F800CA5AF6 /* LoginViewController.swift */; };
		87498ECD271C360C00CA5AF6 /* RegisterViewController.swift in Sources */ = {isa = PBXBuildFile; fileRef = 87498ECC271C360C00CA5AF6 /* RegisterViewController.swift */; };
		874BB87727785F9A00F835C9 /* SettingViewController.swift in Sources */ = {isa = PBXBuildFile; fileRef = 874BB87627785F9A00F835C9 /* SettingViewController.swift */; };
		874E4F34276FE8CD00B93379 /* LoginResult.swift in Sources */ = {isa = PBXBuildFile; fileRef = 874E4F33276FE8CD00B93379 /* LoginResult.swift */; };
		874F1DC7275AA08800D94366 /* BaseResult.swift in Sources */ = {isa = PBXBuildFile; fileRef = 874F1DC6275AA08800D94366 /* BaseResult.swift */; };
		8762880B2764E68400154AAB /* LikePostParameters.swift in Sources */ = {isa = PBXBuildFile; fileRef = 8762880A2764E68400154AAB /* LikePostParameters.swift */; };
		8763F3E8272DA1CB008AE403 /* HomeTableViewCell.swift in Sources */ = {isa = PBXBuildFile; fileRef = 8763F3E7272DA1CB008AE403 /* HomeTableViewCell.swift */; };
		8763F68F2765E9DD00565E0A /* Post.swift in Sources */ = {isa = PBXBuildFile; fileRef = 8763F68E2765E9DD00565E0A /* Post.swift */; };
		8763F6912765EEE300565E0A /* CreatePostParameters.swift in Sources */ = {isa = PBXBuildFile; fileRef = 8763F6902765EEE300565E0A /* CreatePostParameters.swift */; };
		8763F6932765FC3900565E0A /* UpdateUserProfileParameters.swift in Sources */ = {isa = PBXBuildFile; fileRef = 8763F6922765FC3900565E0A /* UpdateUserProfileParameters.swift */; };
		8764A57C276BE0F90064F4B8 /* ProfileTableViewCell.swift in Sources */ = {isa = PBXBuildFile; fileRef = 8764A57B276BE0F90064F4B8 /* ProfileTableViewCell.swift */; };
		8764A57E276E1F220064F4B8 /* PostDetailViewController.swift in Sources */ = {isa = PBXBuildFile; fileRef = 8764A57D276E1F210064F4B8 /* PostDetailViewController.swift */; };
		8764A580276E24870064F4B8 /* CommentTableViewCell.swift in Sources */ = {isa = PBXBuildFile; fileRef = 8764A57F276E24870064F4B8 /* CommentTableViewCell.swift */; };
		8764A582276F67D50064F4B8 /* BaseModel.swift in Sources */ = {isa = PBXBuildFile; fileRef = 8764A581276F67D50064F4B8 /* BaseModel.swift */; };
		8764A584276F69720064F4B8 /* RegisterResult.swift in Sources */ = {isa = PBXBuildFile; fileRef = 8764A583276F69720064F4B8 /* RegisterResult.swift */; };
		876C3B28277BBCC100309069 /* GetPosts.swift in Sources */ = {isa = PBXBuildFile; fileRef = 876C3B27277BBCC100309069 /* GetPosts.swift */; };
		876C3B2A277BD00A00309069 /* User.swift in Sources */ = {isa = PBXBuildFile; fileRef = 876C3B29277BD00A00309069 /* User.swift */; };
		87783588270F854800AE8362 /* AppDelegate.swift in Sources */ = {isa = PBXBuildFile; fileRef = 87783587270F854800AE8362 /* AppDelegate.swift */; };
		8778358A270F854800AE8362 /* SceneDelegate.swift in Sources */ = {isa = PBXBuildFile; fileRef = 87783589270F854800AE8362 /* SceneDelegate.swift */; };
		8778358C270F854800AE8362 /* ViewController.swift in Sources */ = {isa = PBXBuildFile; fileRef = 8778358B270F854800AE8362 /* ViewController.swift */; };
		8778358F270F854800AE8362 /* Main.storyboard in Resources */ = {isa = PBXBuildFile; fileRef = 8778358D270F854800AE8362 /* Main.storyboard */; };
		87783592270F854800AE8362 /* DertOrtagim.xcdatamodeld in Sources */ = {isa = PBXBuildFile; fileRef = 87783590270F854800AE8362 /* DertOrtagim.xcdatamodeld */; };
		87783594270F854900AE8362 /* Assets.xcassets in Resources */ = {isa = PBXBuildFile; fileRef = 87783593270F854900AE8362 /* Assets.xcassets */; };
		87783597270F854900AE8362 /* LaunchScreen.storyboard in Resources */ = {isa = PBXBuildFile; fileRef = 87783595270F854900AE8362 /* LaunchScreen.storyboard */; };
		877835A2270F854900AE8362 /* DertOrtagimTests.swift in Sources */ = {isa = PBXBuildFile; fileRef = 877835A1270F854900AE8362 /* DertOrtagimTests.swift */; };
		877835AD270F854A00AE8362 /* DertOrtagimUITests.swift in Sources */ = {isa = PBXBuildFile; fileRef = 877835AC270F854A00AE8362 /* DertOrtagimUITests.swift */; };
		877835C8270F873800AE8362 /* AlamofireManager.swift in Sources */ = {isa = PBXBuildFile; fileRef = 877835C7270F873800AE8362 /* AlamofireManager.swift */; };
		877835CA270F886A00AE8362 /* Utility.swift in Sources */ = {isa = PBXBuildFile; fileRef = 877835C9270F886A00AE8362 /* Utility.swift */; };
		877835CC270F889900AE8362 /* Constants.swift in Sources */ = {isa = PBXBuildFile; fileRef = 877835CB270F889900AE8362 /* Constants.swift */; };
		8779DB5B271E0F8300D90A4A /* BaseManager.swift in Sources */ = {isa = PBXBuildFile; fileRef = 8779DB5A271E0F8300D90A4A /* BaseManager.swift */; };
		87AC0DCE273C5A86006D07AC /* NewPostViewController.swift in Sources */ = {isa = PBXBuildFile; fileRef = 87AC0DCD273C5A86006D07AC /* NewPostViewController.swift */; };
		87AC0DD0273C6D05006D07AC /* AlertView.xib in Resources */ = {isa = PBXBuildFile; fileRef = 87AC0DCF273C6D05006D07AC /* AlertView.xib */; };
		87AC0DD2273C70D4006D07AC /* AlertView.swift in Sources */ = {isa = PBXBuildFile; fileRef = 87AC0DD1273C70D4006D07AC /* AlertView.swift */; };
		87C19B73277506E900D2CB77 /* CreatePostResult.swift in Sources */ = {isa = PBXBuildFile; fileRef = 87C19B72277506E900D2CB77 /* CreatePostResult.swift */; };
		87CCDC8F277A6D0A00856DD9 /* PostViewModel.swift in Sources */ = {isa = PBXBuildFile; fileRef = 87CCDC8E277A6D0A00856DD9 /* PostViewModel.swift */; };
		87D990DC271B0C0D008F7237 /* NetworkMonitor.swift in Sources */ = {isa = PBXBuildFile; fileRef = 87D990DB271B0C0D008F7237 /* NetworkMonitor.swift */; };
		87E57308275CB3F4009553C1 /* TextFieldExtension.swift in Sources */ = {isa = PBXBuildFile; fileRef = 87E57307275CB3F4009553C1 /* TextFieldExtension.swift */; };
		87E5730A275CB73B009553C1 /* ButtonExtension.swift in Sources */ = {isa = PBXBuildFile; fileRef = 87E57309275CB73B009553C1 /* ButtonExtension.swift */; };
		87E5730C275CB74D009553C1 /* TextViewExtension.swift in Sources */ = {isa = PBXBuildFile; fileRef = 87E5730B275CB74D009553C1 /* TextViewExtension.swift */; };
		87EF5B472762C3C3001B57E4 /* RegisterParameters.swift in Sources */ = {isa = PBXBuildFile; fileRef = 87EF5B462762C3C3001B57E4 /* RegisterParameters.swift */; };
		87EF5B492762C581001B57E4 /* LoginParameters.swift in Sources */ = {isa = PBXBuildFile; fileRef = 87EF5B482762C581001B57E4 /* LoginParameters.swift */; };
		8BC52003C722FC391C475582 /* Pods_DertOrtagim.framework in Frameworks */ = {isa = PBXBuildFile; fileRef = 86CA7E54BB64683E3903C0D4 /* Pods_DertOrtagim.framework */; };
		BF967990D695369346DC40A8 /* Pods_DertOrtagim_DertOrtagimUITests.framework in Frameworks */ = {isa = PBXBuildFile; fileRef = 4E5BF92F0557EF17B37ED2D3 /* Pods_DertOrtagim_DertOrtagimUITests.framework */; };
		DBFD2694265A50D772629473 /* Pods_DertOrtagimTests.framework in Frameworks */ = {isa = PBXBuildFile; fileRef = 7CAB535530AE20746DC322C1 /* Pods_DertOrtagimTests.framework */; };
/* End PBXBuildFile section */

/* Begin PBXContainerItemProxy section */
		8778359E270F854900AE8362 /* PBXContainerItemProxy */ = {
			isa = PBXContainerItemProxy;
			containerPortal = 8778357C270F854800AE8362 /* Project object */;
			proxyType = 1;
			remoteGlobalIDString = 87783583270F854800AE8362;
			remoteInfo = DertOrtagim;
		};
		877835A9270F854A00AE8362 /* PBXContainerItemProxy */ = {
			isa = PBXContainerItemProxy;
			containerPortal = 8778357C270F854800AE8362 /* Project object */;
			proxyType = 1;
			remoteGlobalIDString = 87783583270F854800AE8362;
			remoteInfo = DertOrtagim;
		};
/* End PBXContainerItemProxy section */

/* Begin PBXFileReference section */
		2E4F1D3D1D66665809BBD0D7 /* Pods-DertOrtagimTests.release.xcconfig */ = {isa = PBXFileReference; includeInIndex = 1; lastKnownFileType = text.xcconfig; name = "Pods-DertOrtagimTests.release.xcconfig"; path = "Target Support Files/Pods-DertOrtagimTests/Pods-DertOrtagimTests.release.xcconfig"; sourceTree = "<group>"; };
		4E5BF92F0557EF17B37ED2D3 /* Pods_DertOrtagim_DertOrtagimUITests.framework */ = {isa = PBXFileReference; explicitFileType = wrapper.framework; includeInIndex = 0; path = Pods_DertOrtagim_DertOrtagimUITests.framework; sourceTree = BUILT_PRODUCTS_DIR; };
		7CAB535530AE20746DC322C1 /* Pods_DertOrtagimTests.framework */ = {isa = PBXFileReference; explicitFileType = wrapper.framework; includeInIndex = 0; path = Pods_DertOrtagimTests.framework; sourceTree = BUILT_PRODUCTS_DIR; };
		7CF9A5E63386B08A5A44F802 /* Pods-DertOrtagim.release.xcconfig */ = {isa = PBXFileReference; includeInIndex = 1; lastKnownFileType = text.xcconfig; name = "Pods-DertOrtagim.release.xcconfig"; path = "Target Support Files/Pods-DertOrtagim/Pods-DertOrtagim.release.xcconfig"; sourceTree = "<group>"; };
		86CA7E54BB64683E3903C0D4 /* Pods_DertOrtagim.framework */ = {isa = PBXFileReference; explicitFileType = wrapper.framework; includeInIndex = 0; path = Pods_DertOrtagim.framework; sourceTree = BUILT_PRODUCTS_DIR; };
		87089E012771190600F563A3 /* LoginManager.swift */ = {isa = PBXFileReference; lastKnownFileType = sourcecode.swift; path = LoginManager.swift; sourceTree = "<group>"; };
		87089E0527712C8300F563A3 /* BaseViewController.swift */ = {isa = PBXFileReference; lastKnownFileType = sourcecode.swift; path = BaseViewController.swift; sourceTree = "<group>"; };
		87200F63272D855400D59E52 /* HomeViewController.swift */ = {isa = PBXFileReference; lastKnownFileType = sourcecode.swift; path = HomeViewController.swift; sourceTree = "<group>"; };
		87200F69272D89C800D59E52 /* ProfileViewController.swift */ = {isa = PBXFileReference; lastKnownFileType = sourcecode.swift; path = ProfileViewController.swift; sourceTree = "<group>"; };
		872B5181277512000053C985 /* PostService.swift */ = {isa = PBXFileReference; lastKnownFileType = sourcecode.swift; path = PostService.swift; sourceTree = "<group>"; };
		873230217D4DC5B8B034C90F /* Pods-DertOrtagimTests.debug.xcconfig */ = {isa = PBXFileReference; includeInIndex = 1; lastKnownFileType = text.xcconfig; name = "Pods-DertOrtagimTests.debug.xcconfig"; path = "Target Support Files/Pods-DertOrtagimTests/Pods-DertOrtagimTests.debug.xcconfig"; sourceTree = "<group>"; };
		8735574C27160C790013093E /* UserService.swift */ = {isa = PBXFileReference; lastKnownFileType = sourcecode.swift; path = UserService.swift; sourceTree = "<group>"; };
		87498ECA271C35F800CA5AF6 /* LoginViewController.swift */ = {isa = PBXFileReference; lastKnownFileType = sourcecode.swift; path = LoginViewController.swift; sourceTree = "<group>"; };
		87498ECC271C360C00CA5AF6 /* RegisterViewController.swift */ = {isa = PBXFileReference; lastKnownFileType = sourcecode.swift; path = RegisterViewController.swift; sourceTree = "<group>"; };
		874BB87627785F9A00F835C9 /* SettingViewController.swift */ = {isa = PBXFileReference; lastKnownFileType = sourcecode.swift; path = SettingViewController.swift; sourceTree = "<group>"; };
		874E4F33276FE8CD00B93379 /* LoginResult.swift */ = {isa = PBXFileReference; lastKnownFileType = sourcecode.swift; path = LoginResult.swift; sourceTree = "<group>"; };
		874F1DC6275AA08800D94366 /* BaseResult.swift */ = {isa = PBXFileReference; lastKnownFileType = sourcecode.swift; path = BaseResult.swift; sourceTree = "<group>"; };
		8762880A2764E68400154AAB /* LikePostParameters.swift */ = {isa = PBXFileReference; lastKnownFileType = sourcecode.swift; path = LikePostParameters.swift; sourceTree = "<group>"; };
		8763F3E7272DA1CB008AE403 /* HomeTableViewCell.swift */ = {isa = PBXFileReference; lastKnownFileType = sourcecode.swift; path = HomeTableViewCell.swift; sourceTree = "<group>"; };
		8763F68E2765E9DD00565E0A /* Post.swift */ = {isa = PBXFileReference; lastKnownFileType = sourcecode.swift; path = Post.swift; sourceTree = "<group>"; };
		8763F6902765EEE300565E0A /* CreatePostParameters.swift */ = {isa = PBXFileReference; lastKnownFileType = sourcecode.swift; path = CreatePostParameters.swift; sourceTree = "<group>"; };
		8763F6922765FC3900565E0A /* UpdateUserProfileParameters.swift */ = {isa = PBXFileReference; lastKnownFileType = sourcecode.swift; path = UpdateUserProfileParameters.swift; sourceTree = "<group>"; };
		8764A57B276BE0F90064F4B8 /* ProfileTableViewCell.swift */ = {isa = PBXFileReference; lastKnownFileType = sourcecode.swift; path = ProfileTableViewCell.swift; sourceTree = "<group>"; };
		8764A57D276E1F210064F4B8 /* PostDetailViewController.swift */ = {isa = PBXFileReference; lastKnownFileType = sourcecode.swift; path = PostDetailViewController.swift; sourceTree = "<group>"; };
		8764A57F276E24870064F4B8 /* CommentTableViewCell.swift */ = {isa = PBXFileReference; lastKnownFileType = sourcecode.swift; path = CommentTableViewCell.swift; sourceTree = "<group>"; };
		8764A581276F67D50064F4B8 /* BaseModel.swift */ = {isa = PBXFileReference; lastKnownFileType = sourcecode.swift; path = BaseModel.swift; sourceTree = "<group>"; };
		8764A583276F69720064F4B8 /* RegisterResult.swift */ = {isa = PBXFileReference; lastKnownFileType = sourcecode.swift; path = RegisterResult.swift; sourceTree = "<group>"; };
		876C3B27277BBCC100309069 /* GetPosts.swift */ = {isa = PBXFileReference; lastKnownFileType = sourcecode.swift; path = GetPosts.swift; sourceTree = "<group>"; };
		876C3B29277BD00A00309069 /* User.swift */ = {isa = PBXFileReference; lastKnownFileType = sourcecode.swift; path = User.swift; sourceTree = "<group>"; };
		87783584270F854800AE8362 /* DertOrtagim.app */ = {isa = PBXFileReference; explicitFileType = wrapper.application; includeInIndex = 0; path = DertOrtagim.app; sourceTree = BUILT_PRODUCTS_DIR; };
		87783587270F854800AE8362 /* AppDelegate.swift */ = {isa = PBXFileReference; lastKnownFileType = sourcecode.swift; path = AppDelegate.swift; sourceTree = "<group>"; };
		87783589270F854800AE8362 /* SceneDelegate.swift */ = {isa = PBXFileReference; lastKnownFileType = sourcecode.swift; path = SceneDelegate.swift; sourceTree = "<group>"; };
		8778358B270F854800AE8362 /* ViewController.swift */ = {isa = PBXFileReference; lastKnownFileType = sourcecode.swift; path = ViewController.swift; sourceTree = "<group>"; };
		8778358E270F854800AE8362 /* Base */ = {isa = PBXFileReference; lastKnownFileType = file.storyboard; name = Base; path = Base.lproj/Main.storyboard; sourceTree = "<group>"; };
		87783591270F854800AE8362 /* DertOrtagim.xcdatamodel */ = {isa = PBXFileReference; lastKnownFileType = wrapper.xcdatamodel; path = DertOrtagim.xcdatamodel; sourceTree = "<group>"; };
		87783593270F854900AE8362 /* Assets.xcassets */ = {isa = PBXFileReference; lastKnownFileType = folder.assetcatalog; path = Assets.xcassets; sourceTree = "<group>"; };
		87783596270F854900AE8362 /* Base */ = {isa = PBXFileReference; lastKnownFileType = file.storyboard; name = Base; path = Base.lproj/LaunchScreen.storyboard; sourceTree = "<group>"; };
		87783598270F854900AE8362 /* Info.plist */ = {isa = PBXFileReference; lastKnownFileType = text.plist.xml; path = Info.plist; sourceTree = "<group>"; };
		8778359D270F854900AE8362 /* DertOrtagimTests.xctest */ = {isa = PBXFileReference; explicitFileType = wrapper.cfbundle; includeInIndex = 0; path = DertOrtagimTests.xctest; sourceTree = BUILT_PRODUCTS_DIR; };
		877835A1270F854900AE8362 /* DertOrtagimTests.swift */ = {isa = PBXFileReference; lastKnownFileType = sourcecode.swift; path = DertOrtagimTests.swift; sourceTree = "<group>"; };
		877835A3270F854900AE8362 /* Info.plist */ = {isa = PBXFileReference; lastKnownFileType = text.plist.xml; path = Info.plist; sourceTree = "<group>"; };
		877835A8270F854A00AE8362 /* DertOrtagimUITests.xctest */ = {isa = PBXFileReference; explicitFileType = wrapper.cfbundle; includeInIndex = 0; path = DertOrtagimUITests.xctest; sourceTree = BUILT_PRODUCTS_DIR; };
		877835AC270F854A00AE8362 /* DertOrtagimUITests.swift */ = {isa = PBXFileReference; lastKnownFileType = sourcecode.swift; path = DertOrtagimUITests.swift; sourceTree = "<group>"; };
		877835AE270F854A00AE8362 /* Info.plist */ = {isa = PBXFileReference; lastKnownFileType = text.plist.xml; path = Info.plist; sourceTree = "<group>"; };
		877835C7270F873800AE8362 /* AlamofireManager.swift */ = {isa = PBXFileReference; lastKnownFileType = sourcecode.swift; path = AlamofireManager.swift; sourceTree = "<group>"; };
		877835C9270F886A00AE8362 /* Utility.swift */ = {isa = PBXFileReference; lastKnownFileType = sourcecode.swift; path = Utility.swift; sourceTree = "<group>"; };
		877835CB270F889900AE8362 /* Constants.swift */ = {isa = PBXFileReference; lastKnownFileType = sourcecode.swift; path = Constants.swift; sourceTree = "<group>"; };
		8779DB5A271E0F8300D90A4A /* BaseManager.swift */ = {isa = PBXFileReference; lastKnownFileType = sourcecode.swift; path = BaseManager.swift; sourceTree = "<group>"; };
		87AC0DCD273C5A86006D07AC /* NewPostViewController.swift */ = {isa = PBXFileReference; lastKnownFileType = sourcecode.swift; path = NewPostViewController.swift; sourceTree = "<group>"; };
		87AC0DCF273C6D05006D07AC /* AlertView.xib */ = {isa = PBXFileReference; lastKnownFileType = file.xib; path = AlertView.xib; sourceTree = "<group>"; };
		87AC0DD1273C70D4006D07AC /* AlertView.swift */ = {isa = PBXFileReference; lastKnownFileType = sourcecode.swift; path = AlertView.swift; sourceTree = "<group>"; };
		87C19B72277506E900D2CB77 /* CreatePostResult.swift */ = {isa = PBXFileReference; lastKnownFileType = sourcecode.swift; path = CreatePostResult.swift; sourceTree = "<group>"; };
		87CCDC8E277A6D0A00856DD9 /* PostViewModel.swift */ = {isa = PBXFileReference; lastKnownFileType = sourcecode.swift; path = PostViewModel.swift; sourceTree = "<group>"; };
		87D990DB271B0C0D008F7237 /* NetworkMonitor.swift */ = {isa = PBXFileReference; lastKnownFileType = sourcecode.swift; path = NetworkMonitor.swift; sourceTree = "<group>"; };
		87E57307275CB3F4009553C1 /* TextFieldExtension.swift */ = {isa = PBXFileReference; lastKnownFileType = sourcecode.swift; path = TextFieldExtension.swift; sourceTree = "<group>"; };
		87E57309275CB73B009553C1 /* ButtonExtension.swift */ = {isa = PBXFileReference; lastKnownFileType = sourcecode.swift; path = ButtonExtension.swift; sourceTree = "<group>"; };
		87E5730B275CB74D009553C1 /* TextViewExtension.swift */ = {isa = PBXFileReference; lastKnownFileType = sourcecode.swift; path = TextViewExtension.swift; sourceTree = "<group>"; };
		87EF5B462762C3C3001B57E4 /* RegisterParameters.swift */ = {isa = PBXFileReference; lastKnownFileType = sourcecode.swift; path = RegisterParameters.swift; sourceTree = "<group>"; };
		87EF5B482762C581001B57E4 /* LoginParameters.swift */ = {isa = PBXFileReference; lastKnownFileType = sourcecode.swift; path = LoginParameters.swift; sourceTree = "<group>"; };
		953D5E4177987DD3EAEB2809 /* Pods-DertOrtagim.debug.xcconfig */ = {isa = PBXFileReference; includeInIndex = 1; lastKnownFileType = text.xcconfig; name = "Pods-DertOrtagim.debug.xcconfig"; path = "Target Support Files/Pods-DertOrtagim/Pods-DertOrtagim.debug.xcconfig"; sourceTree = "<group>"; };
		AC414E3945436390AAD7AD20 /* Pods-DertOrtagim-DertOrtagimUITests.release.xcconfig */ = {isa = PBXFileReference; includeInIndex = 1; lastKnownFileType = text.xcconfig; name = "Pods-DertOrtagim-DertOrtagimUITests.release.xcconfig"; path = "Target Support Files/Pods-DertOrtagim-DertOrtagimUITests/Pods-DertOrtagim-DertOrtagimUITests.release.xcconfig"; sourceTree = "<group>"; };
		C444935914BDC95A3C14B684 /* Pods-DertOrtagim-DertOrtagimUITests.debug.xcconfig */ = {isa = PBXFileReference; includeInIndex = 1; lastKnownFileType = text.xcconfig; name = "Pods-DertOrtagim-DertOrtagimUITests.debug.xcconfig"; path = "Target Support Files/Pods-DertOrtagim-DertOrtagimUITests/Pods-DertOrtagim-DertOrtagimUITests.debug.xcconfig"; sourceTree = "<group>"; };
/* End PBXFileReference section */

/* Begin PBXFrameworksBuildPhase section */
		87783581270F854800AE8362 /* Frameworks */ = {
			isa = PBXFrameworksBuildPhase;
			buildActionMask = 2147483647;
			files = (
				8BC52003C722FC391C475582 /* Pods_DertOrtagim.framework in Frameworks */,
			);
			runOnlyForDeploymentPostprocessing = 0;
		};
		8778359A270F854900AE8362 /* Frameworks */ = {
			isa = PBXFrameworksBuildPhase;
			buildActionMask = 2147483647;
			files = (
				DBFD2694265A50D772629473 /* Pods_DertOrtagimTests.framework in Frameworks */,
			);
			runOnlyForDeploymentPostprocessing = 0;
		};
		877835A5270F854A00AE8362 /* Frameworks */ = {
			isa = PBXFrameworksBuildPhase;
			buildActionMask = 2147483647;
			files = (
				BF967990D695369346DC40A8 /* Pods_DertOrtagim_DertOrtagimUITests.framework in Frameworks */,
			);
			runOnlyForDeploymentPostprocessing = 0;
		};
/* End PBXFrameworksBuildPhase section */

/* Begin PBXGroup section */
		8763F68D2765E99700565E0A /* ResultModel */ = {
			isa = PBXGroup;
			children = (
				8763F68E2765E9DD00565E0A /* Post.swift */,
				8764A581276F67D50064F4B8 /* BaseModel.swift */,
				8764A583276F69720064F4B8 /* RegisterResult.swift */,
				874E4F33276FE8CD00B93379 /* LoginResult.swift */,
				87C19B72277506E900D2CB77 /* CreatePostResult.swift */,
				876C3B27277BBCC100309069 /* GetPosts.swift */,
				876C3B29277BD00A00309069 /* User.swift */,
			);
			path = ResultModel;
			sourceTree = "<group>";
		};
		8778357B270F854800AE8362 = {
			isa = PBXGroup;
			children = (
				87783586270F854800AE8362 /* DertOrtagim */,
				877835A0270F854900AE8362 /* DertOrtagimTests */,
				877835AB270F854A00AE8362 /* DertOrtagimUITests */,
				87783585270F854800AE8362 /* Products */,
				DEAD4BB203DB9D52E1E13E31 /* Pods */,
				DC2A7CEA7CD054EF6E7B5D5C /* Frameworks */,
			);
			sourceTree = "<group>";
		};
		87783585270F854800AE8362 /* Products */ = {
			isa = PBXGroup;
			children = (
				87783584270F854800AE8362 /* DertOrtagim.app */,
				8778359D270F854900AE8362 /* DertOrtagimTests.xctest */,
				877835A8270F854A00AE8362 /* DertOrtagimUITests.xctest */,
			);
			name = Products;
			sourceTree = "<group>";
		};
		87783586270F854800AE8362 /* DertOrtagim */ = {
			isa = PBXGroup;
			children = (
				877835C5270F871D00AE8362 /* View */,
				877835C4270F871000AE8362 /* Controllers */,
				877835C2270F86BD00AE8362 /* ViewModel */,
				877835C1270F86B300AE8362 /* Service */,
				877835C0270F867A00AE8362 /* Helper */,
				877835BF270F867300AE8362 /* Manager */,
				877835BE270F866500AE8362 /* Model */,
				877835BD270F865D00AE8362 /* Core */,
				87783593270F854900AE8362 /* Assets.xcassets */,
				87783595270F854900AE8362 /* LaunchScreen.storyboard */,
				87783598270F854900AE8362 /* Info.plist */,
				87783590270F854800AE8362 /* DertOrtagim.xcdatamodeld */,
			);
			path = DertOrtagim;
			sourceTree = "<group>";
		};
		877835A0270F854900AE8362 /* DertOrtagimTests */ = {
			isa = PBXGroup;
			children = (
				877835A1270F854900AE8362 /* DertOrtagimTests.swift */,
				877835A3270F854900AE8362 /* Info.plist */,
			);
			path = DertOrtagimTests;
			sourceTree = "<group>";
		};
		877835AB270F854A00AE8362 /* DertOrtagimUITests */ = {
			isa = PBXGroup;
			children = (
				877835AC270F854A00AE8362 /* DertOrtagimUITests.swift */,
				877835AE270F854A00AE8362 /* Info.plist */,
			);
			path = DertOrtagimUITests;
			sourceTree = "<group>";
		};
		877835BD270F865D00AE8362 /* Core */ = {
			isa = PBXGroup;
			children = (
				87783587270F854800AE8362 /* AppDelegate.swift */,
				87783589270F854800AE8362 /* SceneDelegate.swift */,
			);
			path = Core;
			sourceTree = "<group>";
		};
		877835BE270F866500AE8362 /* Model */ = {
			isa = PBXGroup;
			children = (
				8763F68D2765E99700565E0A /* ResultModel */,
				87EF5B452762C033001B57E4 /* ParametersModel */,
				874F1DC6275AA08800D94366 /* BaseResult.swift */,
			);
			path = Model;
			sourceTree = "<group>";
		};
		877835BF270F867300AE8362 /* Manager */ = {
			isa = PBXGroup;
			children = (
				877835C7270F873800AE8362 /* AlamofireManager.swift */,
				8779DB5A271E0F8300D90A4A /* BaseManager.swift */,
				87AC0DD1273C70D4006D07AC /* AlertView.swift */,
				87089E012771190600F563A3 /* LoginManager.swift */,
			);
			path = Manager;
			sourceTree = "<group>";
		};
		877835C0270F867A00AE8362 /* Helper */ = {
			isa = PBXGroup;
			children = (
				877835C3270F86F400AE8362 /* Extension */,
				877835C9270F886A00AE8362 /* Utility.swift */,
				877835CB270F889900AE8362 /* Constants.swift */,
				87D990DB271B0C0D008F7237 /* NetworkMonitor.swift */,
			);
			path = Helper;
			sourceTree = "<group>";
		};
		877835C1270F86B300AE8362 /* Service */ = {
			isa = PBXGroup;
			children = (
				8735574C27160C790013093E /* UserService.swift */,
				872B5181277512000053C985 /* PostService.swift */,
			);
			path = Service;
			sourceTree = "<group>";
		};
		877835C2270F86BD00AE8362 /* ViewModel */ = {
			isa = PBXGroup;
			children = (
				87CCDC8E277A6D0A00856DD9 /* PostViewModel.swift */,
			);
			path = ViewModel;
			sourceTree = "<group>";
		};
		877835C3270F86F400AE8362 /* Extension */ = {
			isa = PBXGroup;
			children = (
				87E57307275CB3F4009553C1 /* TextFieldExtension.swift */,
				87E57309275CB73B009553C1 /* ButtonExtension.swift */,
				87E5730B275CB74D009553C1 /* TextViewExtension.swift */,
			);
			path = Extension;
			sourceTree = "<group>";
		};
		877835C4270F871000AE8362 /* Controllers */ = {
			isa = PBXGroup;
			children = (
				8778358B270F854800AE8362 /* ViewController.swift */,
				87498ECA271C35F800CA5AF6 /* LoginViewController.swift */,
				87498ECC271C360C00CA5AF6 /* RegisterViewController.swift */,
				87200F63272D855400D59E52 /* HomeViewController.swift */,
				87200F69272D89C800D59E52 /* ProfileViewController.swift */,
				87AC0DCD273C5A86006D07AC /* NewPostViewController.swift */,
				8764A57D276E1F210064F4B8 /* PostDetailViewController.swift */,
				87089E0527712C8300F563A3 /* BaseViewController.swift */,
				874BB87627785F9A00F835C9 /* SettingViewController.swift */,
			);
			path = Controllers;
			sourceTree = "<group>";
		};
		877835C5270F871D00AE8362 /* View */ = {
			isa = PBXGroup;
			children = (
				877835D2270F899E00AE8362 /* StoryboardView */,
				877835D1270F899000AE8362 /* TableCells */,
			);
			path = View;
			sourceTree = "<group>";
		};
		877835D1270F899000AE8362 /* TableCells */ = {
			isa = PBXGroup;
			children = (
				8763F3E7272DA1CB008AE403 /* HomeTableViewCell.swift */,
				8764A57B276BE0F90064F4B8 /* ProfileTableViewCell.swift */,
				8764A57F276E24870064F4B8 /* CommentTableViewCell.swift */,
			);
			path = TableCells;
			sourceTree = "<group>";
		};
		877835D2270F899E00AE8362 /* StoryboardView */ = {
			isa = PBXGroup;
			children = (
				8778358D270F854800AE8362 /* Main.storyboard */,
				87AC0DCF273C6D05006D07AC /* AlertView.xib */,
			);
			path = StoryboardView;
			sourceTree = "<group>";
		};
		87EF5B452762C033001B57E4 /* ParametersModel */ = {
			isa = PBXGroup;
			children = (
				87EF5B462762C3C3001B57E4 /* RegisterParameters.swift */,
				87EF5B482762C581001B57E4 /* LoginParameters.swift */,
				8762880A2764E68400154AAB /* LikePostParameters.swift */,
				8763F6902765EEE300565E0A /* CreatePostParameters.swift */,
				8763F6922765FC3900565E0A /* UpdateUserProfileParameters.swift */,
			);
			path = ParametersModel;
			sourceTree = "<group>";
		};
		DC2A7CEA7CD054EF6E7B5D5C /* Frameworks */ = {
			isa = PBXGroup;
			children = (
				86CA7E54BB64683E3903C0D4 /* Pods_DertOrtagim.framework */,
				4E5BF92F0557EF17B37ED2D3 /* Pods_DertOrtagim_DertOrtagimUITests.framework */,
				7CAB535530AE20746DC322C1 /* Pods_DertOrtagimTests.framework */,
			);
			name = Frameworks;
			sourceTree = "<group>";
		};
		DEAD4BB203DB9D52E1E13E31 /* Pods */ = {
			isa = PBXGroup;
			children = (
				953D5E4177987DD3EAEB2809 /* Pods-DertOrtagim.debug.xcconfig */,
				7CF9A5E63386B08A5A44F802 /* Pods-DertOrtagim.release.xcconfig */,
				C444935914BDC95A3C14B684 /* Pods-DertOrtagim-DertOrtagimUITests.debug.xcconfig */,
				AC414E3945436390AAD7AD20 /* Pods-DertOrtagim-DertOrtagimUITests.release.xcconfig */,
				873230217D4DC5B8B034C90F /* Pods-DertOrtagimTests.debug.xcconfig */,
				2E4F1D3D1D66665809BBD0D7 /* Pods-DertOrtagimTests.release.xcconfig */,
			);
			path = Pods;
			sourceTree = "<group>";
		};
/* End PBXGroup section */

/* Begin PBXNativeTarget section */
		87783583270F854800AE8362 /* DertOrtagim */ = {
			isa = PBXNativeTarget;
			buildConfigurationList = 877835B1270F854A00AE8362 /* Build configuration list for PBXNativeTarget "DertOrtagim" */;
			buildPhases = (
				2A9E45464275322BAC4B1255 /* [CP] Check Pods Manifest.lock */,
				87783580270F854800AE8362 /* Sources */,
				87783581270F854800AE8362 /* Frameworks */,
				87783582270F854800AE8362 /* Resources */,
				998DCA1B0EF02900FDF5C52C /* [CP] Embed Pods Frameworks */,
			);
			buildRules = (
			);
			dependencies = (
			);
			name = DertOrtagim;
			packageProductDependencies = (
			);
			productName = DertOrtagim;
			productReference = 87783584270F854800AE8362 /* DertOrtagim.app */;
			productType = "com.apple.product-type.application";
		};
		8778359C270F854900AE8362 /* DertOrtagimTests */ = {
			isa = PBXNativeTarget;
			buildConfigurationList = 877835B4270F854A00AE8362 /* Build configuration list for PBXNativeTarget "DertOrtagimTests" */;
			buildPhases = (
				2868B46722240D37796E31C4 /* [CP] Check Pods Manifest.lock */,
				87783599270F854900AE8362 /* Sources */,
				8778359A270F854900AE8362 /* Frameworks */,
				8778359B270F854900AE8362 /* Resources */,
			);
			buildRules = (
			);
			dependencies = (
				8778359F270F854900AE8362 /* PBXTargetDependency */,
			);
			name = DertOrtagimTests;
			productName = DertOrtagimTests;
			productReference = 8778359D270F854900AE8362 /* DertOrtagimTests.xctest */;
			productType = "com.apple.product-type.bundle.unit-test";
		};
		877835A7270F854A00AE8362 /* DertOrtagimUITests */ = {
			isa = PBXNativeTarget;
			buildConfigurationList = 877835B7270F854A00AE8362 /* Build configuration list for PBXNativeTarget "DertOrtagimUITests" */;
			buildPhases = (
				0B6220E84B9E1365AE79F9C9 /* [CP] Check Pods Manifest.lock */,
				877835A4270F854A00AE8362 /* Sources */,
				877835A5270F854A00AE8362 /* Frameworks */,
				877835A6270F854A00AE8362 /* Resources */,
				AA1571D816A43B21F04D5228 /* [CP] Embed Pods Frameworks */,
			);
			buildRules = (
			);
			dependencies = (
				877835AA270F854A00AE8362 /* PBXTargetDependency */,
			);
			name = DertOrtagimUITests;
			productName = DertOrtagimUITests;
			productReference = 877835A8270F854A00AE8362 /* DertOrtagimUITests.xctest */;
			productType = "com.apple.product-type.bundle.ui-testing";
		};
/* End PBXNativeTarget section */

/* Begin PBXProject section */
		8778357C270F854800AE8362 /* Project object */ = {
			isa = PBXProject;
			attributes = {
				LastSwiftUpdateCheck = 1250;
				LastUpgradeCheck = 1250;
				TargetAttributes = {
					87783583270F854800AE8362 = {
						CreatedOnToolsVersion = 12.5.1;
					};
					8778359C270F854900AE8362 = {
						CreatedOnToolsVersion = 12.5.1;
						TestTargetID = 87783583270F854800AE8362;
					};
					877835A7270F854A00AE8362 = {
						CreatedOnToolsVersion = 12.5.1;
						TestTargetID = 87783583270F854800AE8362;
					};
				};
			};
			buildConfigurationList = 8778357F270F854800AE8362 /* Build configuration list for PBXProject "DertOrtagim" */;
			compatibilityVersion = "Xcode 9.3";
			developmentRegion = en;
			hasScannedForEncodings = 0;
			knownRegions = (
				en,
				Base,
			);
			mainGroup = 8778357B270F854800AE8362;
			packageReferences = (
			);
			productRefGroup = 87783585270F854800AE8362 /* Products */;
			projectDirPath = "";
			projectRoot = "";
			targets = (
				87783583270F854800AE8362 /* DertOrtagim */,
				8778359C270F854900AE8362 /* DertOrtagimTests */,
				877835A7270F854A00AE8362 /* DertOrtagimUITests */,
			);
		};
/* End PBXProject section */

/* Begin PBXResourcesBuildPhase section */
		87783582270F854800AE8362 /* Resources */ = {
			isa = PBXResourcesBuildPhase;
			buildActionMask = 2147483647;
			files = (
				87783597270F854900AE8362 /* LaunchScreen.storyboard in Resources */,
				87AC0DD0273C6D05006D07AC /* AlertView.xib in Resources */,
				87783594270F854900AE8362 /* Assets.xcassets in Resources */,
				8778358F270F854800AE8362 /* Main.storyboard in Resources */,
			);
			runOnlyForDeploymentPostprocessing = 0;
		};
		8778359B270F854900AE8362 /* Resources */ = {
			isa = PBXResourcesBuildPhase;
			buildActionMask = 2147483647;
			files = (
			);
			runOnlyForDeploymentPostprocessing = 0;
		};
		877835A6270F854A00AE8362 /* Resources */ = {
			isa = PBXResourcesBuildPhase;
			buildActionMask = 2147483647;
			files = (
			);
			runOnlyForDeploymentPostprocessing = 0;
		};
/* End PBXResourcesBuildPhase section */

/* Begin PBXShellScriptBuildPhase section */
		0B6220E84B9E1365AE79F9C9 /* [CP] Check Pods Manifest.lock */ = {
			isa = PBXShellScriptBuildPhase;
			buildActionMask = 2147483647;
			files = (
			);
			inputFileListPaths = (
			);
			inputPaths = (
				"${PODS_PODFILE_DIR_PATH}/Podfile.lock",
				"${PODS_ROOT}/Manifest.lock",
			);
			name = "[CP] Check Pods Manifest.lock";
			outputFileListPaths = (
			);
			outputPaths = (
				"$(DERIVED_FILE_DIR)/Pods-DertOrtagim-DertOrtagimUITests-checkManifestLockResult.txt",
			);
			runOnlyForDeploymentPostprocessing = 0;
			shellPath = /bin/sh;
			shellScript = "diff \"${PODS_PODFILE_DIR_PATH}/Podfile.lock\" \"${PODS_ROOT}/Manifest.lock\" > /dev/null\nif [ $? != 0 ] ; then\n    # print error to STDERR\n    echo \"error: The sandbox is not in sync with the Podfile.lock. Run 'pod install' or update your CocoaPods installation.\" >&2\n    exit 1\nfi\n# This output is used by Xcode 'outputs' to avoid re-running this script phase.\necho \"SUCCESS\" > \"${SCRIPT_OUTPUT_FILE_0}\"\n";
			showEnvVarsInLog = 0;
		};
		2868B46722240D37796E31C4 /* [CP] Check Pods Manifest.lock */ = {
			isa = PBXShellScriptBuildPhase;
			buildActionMask = 2147483647;
			files = (
			);
			inputFileListPaths = (
			);
			inputPaths = (
				"${PODS_PODFILE_DIR_PATH}/Podfile.lock",
				"${PODS_ROOT}/Manifest.lock",
			);
			name = "[CP] Check Pods Manifest.lock";
			outputFileListPaths = (
			);
			outputPaths = (
				"$(DERIVED_FILE_DIR)/Pods-DertOrtagimTests-checkManifestLockResult.txt",
			);
			runOnlyForDeploymentPostprocessing = 0;
			shellPath = /bin/sh;
			shellScript = "diff \"${PODS_PODFILE_DIR_PATH}/Podfile.lock\" \"${PODS_ROOT}/Manifest.lock\" > /dev/null\nif [ $? != 0 ] ; then\n    # print error to STDERR\n    echo \"error: The sandbox is not in sync with the Podfile.lock. Run 'pod install' or update your CocoaPods installation.\" >&2\n    exit 1\nfi\n# This output is used by Xcode 'outputs' to avoid re-running this script phase.\necho \"SUCCESS\" > \"${SCRIPT_OUTPUT_FILE_0}\"\n";
			showEnvVarsInLog = 0;
		};
		2A9E45464275322BAC4B1255 /* [CP] Check Pods Manifest.lock */ = {
			isa = PBXShellScriptBuildPhase;
			buildActionMask = 2147483647;
			files = (
			);
			inputFileListPaths = (
			);
			inputPaths = (
				"${PODS_PODFILE_DIR_PATH}/Podfile.lock",
				"${PODS_ROOT}/Manifest.lock",
			);
			name = "[CP] Check Pods Manifest.lock";
			outputFileListPaths = (
			);
			outputPaths = (
				"$(DERIVED_FILE_DIR)/Pods-DertOrtagim-checkManifestLockResult.txt",
			);
			runOnlyForDeploymentPostprocessing = 0;
			shellPath = /bin/sh;
			shellScript = "diff \"${PODS_PODFILE_DIR_PATH}/Podfile.lock\" \"${PODS_ROOT}/Manifest.lock\" > /dev/null\nif [ $? != 0 ] ; then\n    # print error to STDERR\n    echo \"error: The sandbox is not in sync with the Podfile.lock. Run 'pod install' or update your CocoaPods installation.\" >&2\n    exit 1\nfi\n# This output is used by Xcode 'outputs' to avoid re-running this script phase.\necho \"SUCCESS\" > \"${SCRIPT_OUTPUT_FILE_0}\"\n";
			showEnvVarsInLog = 0;
		};
		998DCA1B0EF02900FDF5C52C /* [CP] Embed Pods Frameworks */ = {
			isa = PBXShellScriptBuildPhase;
			buildActionMask = 2147483647;
			files = (
			);
			inputFileListPaths = (
				"${PODS_ROOT}/Target Support Files/Pods-DertOrtagim/Pods-DertOrtagim-frameworks-${CONFIGURATION}-input-files.xcfilelist",
			);
			name = "[CP] Embed Pods Frameworks";
			outputFileListPaths = (
				"${PODS_ROOT}/Target Support Files/Pods-DertOrtagim/Pods-DertOrtagim-frameworks-${CONFIGURATION}-output-files.xcfilelist",
			);
			runOnlyForDeploymentPostprocessing = 0;
			shellPath = /bin/sh;
			shellScript = "\"${PODS_ROOT}/Target Support Files/Pods-DertOrtagim/Pods-DertOrtagim-frameworks.sh\"\n";
			showEnvVarsInLog = 0;
		};
		AA1571D816A43B21F04D5228 /* [CP] Embed Pods Frameworks */ = {
			isa = PBXShellScriptBuildPhase;
			buildActionMask = 2147483647;
			files = (
			);
			inputFileListPaths = (
				"${PODS_ROOT}/Target Support Files/Pods-DertOrtagim-DertOrtagimUITests/Pods-DertOrtagim-DertOrtagimUITests-frameworks-${CONFIGURATION}-input-files.xcfilelist",
			);
			name = "[CP] Embed Pods Frameworks";
			outputFileListPaths = (
				"${PODS_ROOT}/Target Support Files/Pods-DertOrtagim-DertOrtagimUITests/Pods-DertOrtagim-DertOrtagimUITests-frameworks-${CONFIGURATION}-output-files.xcfilelist",
			);
			runOnlyForDeploymentPostprocessing = 0;
			shellPath = /bin/sh;
			shellScript = "\"${PODS_ROOT}/Target Support Files/Pods-DertOrtagim-DertOrtagimUITests/Pods-DertOrtagim-DertOrtagimUITests-frameworks.sh\"\n";
			showEnvVarsInLog = 0;
		};
/* End PBXShellScriptBuildPhase section */

/* Begin PBXSourcesBuildPhase section */
		87783580270F854800AE8362 /* Sources */ = {
			isa = PBXSourcesBuildPhase;
			buildActionMask = 2147483647;
			files = (
				87200F6A272D89C800D59E52 /* ProfileViewController.swift in Sources */,
				8779DB5B271E0F8300D90A4A /* BaseManager.swift in Sources */,
				8764A57C276BE0F90064F4B8 /* ProfileTableViewCell.swift in Sources */,
				87200F64272D855400D59E52 /* HomeViewController.swift in Sources */,
				87089E022771190600F563A3 /* LoginManager.swift in Sources */,
				87E57308275CB3F4009553C1 /* TextFieldExtension.swift in Sources */,
				8763F6912765EEE300565E0A /* CreatePostParameters.swift in Sources */,
				87EF5B492762C581001B57E4 /* LoginParameters.swift in Sources */,
				8778358C270F854800AE8362 /* ViewController.swift in Sources */,
				87783588270F854800AE8362 /* AppDelegate.swift in Sources */,
				876C3B28277BBCC100309069 /* GetPosts.swift in Sources */,
				877835CA270F886A00AE8362 /* Utility.swift in Sources */,
				87E5730A275CB73B009553C1 /* ButtonExtension.swift in Sources */,
				8762880B2764E68400154AAB /* LikePostParameters.swift in Sources */,
				8763F3E8272DA1CB008AE403 /* HomeTableViewCell.swift in Sources */,
				8764A584276F69720064F4B8 /* RegisterResult.swift in Sources */,
				87783592270F854800AE8362 /* DertOrtagim.xcdatamodeld in Sources */,
				87AC0DCE273C5A86006D07AC /* NewPostViewController.swift in Sources */,
				876C3B2A277BD00A00309069 /* User.swift in Sources */,
				87C19B73277506E900D2CB77 /* CreatePostResult.swift in Sources */,
				87D990DC271B0C0D008F7237 /* NetworkMonitor.swift in Sources */,
				8764A57E276E1F220064F4B8 /* PostDetailViewController.swift in Sources */,
				8735574D27160C790013093E /* UserService.swift in Sources */,
				87EF5B472762C3C3001B57E4 /* RegisterParameters.swift in Sources */,
				877835C8270F873800AE8362 /* AlamofireManager.swift in Sources */,
				87089E0627712C8300F563A3 /* BaseViewController.swift in Sources */,
				8764A580276E24870064F4B8 /* CommentTableViewCell.swift in Sources */,
				874E4F34276FE8CD00B93379 /* LoginResult.swift in Sources */,
				8763F6932765FC3900565E0A /* UpdateUserProfileParameters.swift in Sources */,
				877835CC270F889900AE8362 /* Constants.swift in Sources */,
				87E5730C275CB74D009553C1 /* TextViewExtension.swift in Sources */,
				8763F68F2765E9DD00565E0A /* Post.swift in Sources */,
				87498ECB271C35F800CA5AF6 /* LoginViewController.swift in Sources */,
				8764A582276F67D50064F4B8 /* BaseModel.swift in Sources */,
				872B5182277512000053C985 /* PostService.swift in Sources */,
				87CCDC8F277A6D0A00856DD9 /* PostViewModel.swift in Sources */,
				874F1DC7275AA08800D94366 /* BaseResult.swift in Sources */,
				87AC0DD2273C70D4006D07AC /* AlertView.swift in Sources */,
				874BB87727785F9A00F835C9 /* SettingViewController.swift in Sources */,
				87498ECD271C360C00CA5AF6 /* RegisterViewController.swift in Sources */,
				8778358A270F854800AE8362 /* SceneDelegate.swift in Sources */,
			);
			runOnlyForDeploymentPostprocessing = 0;
		};
		87783599270F854900AE8362 /* Sources */ = {
			isa = PBXSourcesBuildPhase;
			buildActionMask = 2147483647;
			files = (
				877835A2270F854900AE8362 /* DertOrtagimTests.swift in Sources */,
			);
			runOnlyForDeploymentPostprocessing = 0;
		};
		877835A4270F854A00AE8362 /* Sources */ = {
			isa = PBXSourcesBuildPhase;
			buildActionMask = 2147483647;
			files = (
				877835AD270F854A00AE8362 /* DertOrtagimUITests.swift in Sources */,
			);
			runOnlyForDeploymentPostprocessing = 0;
		};
/* End PBXSourcesBuildPhase section */

/* Begin PBXTargetDependency section */
		8778359F270F854900AE8362 /* PBXTargetDependency */ = {
			isa = PBXTargetDependency;
			target = 87783583270F854800AE8362 /* DertOrtagim */;
			targetProxy = 8778359E270F854900AE8362 /* PBXContainerItemProxy */;
		};
		877835AA270F854A00AE8362 /* PBXTargetDependency */ = {
			isa = PBXTargetDependency;
			target = 87783583270F854800AE8362 /* DertOrtagim */;
			targetProxy = 877835A9270F854A00AE8362 /* PBXContainerItemProxy */;
		};
/* End PBXTargetDependency section */

/* Begin PBXVariantGroup section */
		8778358D270F854800AE8362 /* Main.storyboard */ = {
			isa = PBXVariantGroup;
			children = (
				8778358E270F854800AE8362 /* Base */,
			);
			name = Main.storyboard;
			sourceTree = "<group>";
		};
		87783595270F854900AE8362 /* LaunchScreen.storyboard */ = {
			isa = PBXVariantGroup;
			children = (
				87783596270F854900AE8362 /* Base */,
			);
			name = LaunchScreen.storyboard;
			sourceTree = "<group>";
		};
/* End PBXVariantGroup section */

/* Begin XCBuildConfiguration section */
		877835AF270F854A00AE8362 /* Debug */ = {
			isa = XCBuildConfiguration;
			buildSettings = {
				ALWAYS_SEARCH_USER_PATHS = NO;
				CLANG_ANALYZER_NONNULL = YES;
				CLANG_ANALYZER_NUMBER_OBJECT_CONVERSION = YES_AGGRESSIVE;
				CLANG_CXX_LANGUAGE_STANDARD = "gnu++14";
				CLANG_CXX_LIBRARY = "libc++";
				CLANG_ENABLE_MODULES = YES;
				CLANG_ENABLE_OBJC_ARC = YES;
				CLANG_ENABLE_OBJC_WEAK = YES;
				CLANG_WARN_BLOCK_CAPTURE_AUTORELEASING = YES;
				CLANG_WARN_BOOL_CONVERSION = YES;
				CLANG_WARN_COMMA = YES;
				CLANG_WARN_CONSTANT_CONVERSION = YES;
				CLANG_WARN_DEPRECATED_OBJC_IMPLEMENTATIONS = YES;
				CLANG_WARN_DIRECT_OBJC_ISA_USAGE = YES_ERROR;
				CLANG_WARN_DOCUMENTATION_COMMENTS = YES;
				CLANG_WARN_EMPTY_BODY = YES;
				CLANG_WARN_ENUM_CONVERSION = YES;
				CLANG_WARN_INFINITE_RECURSION = YES;
				CLANG_WARN_INT_CONVERSION = YES;
				CLANG_WARN_NON_LITERAL_NULL_CONVERSION = YES;
				CLANG_WARN_OBJC_IMPLICIT_RETAIN_SELF = YES;
				CLANG_WARN_OBJC_LITERAL_CONVERSION = YES;
				CLANG_WARN_OBJC_ROOT_CLASS = YES_ERROR;
				CLANG_WARN_QUOTED_INCLUDE_IN_FRAMEWORK_HEADER = YES;
				CLANG_WARN_RANGE_LOOP_ANALYSIS = YES;
				CLANG_WARN_STRICT_PROTOTYPES = YES;
				CLANG_WARN_SUSPICIOUS_MOVE = YES;
				CLANG_WARN_UNGUARDED_AVAILABILITY = YES_AGGRESSIVE;
				CLANG_WARN_UNREACHABLE_CODE = YES;
				CLANG_WARN__DUPLICATE_METHOD_MATCH = YES;
				COPY_PHASE_STRIP = NO;
				DEBUG_INFORMATION_FORMAT = dwarf;
				ENABLE_STRICT_OBJC_MSGSEND = YES;
				ENABLE_TESTABILITY = YES;
				GCC_C_LANGUAGE_STANDARD = gnu11;
				GCC_DYNAMIC_NO_PIC = NO;
				GCC_NO_COMMON_BLOCKS = YES;
				GCC_OPTIMIZATION_LEVEL = 0;
				GCC_PREPROCESSOR_DEFINITIONS = (
					"DEBUG=1",
					"$(inherited)",
				);
				GCC_WARN_64_TO_32_BIT_CONVERSION = YES;
				GCC_WARN_ABOUT_RETURN_TYPE = YES_ERROR;
				GCC_WARN_UNDECLARED_SELECTOR = YES;
				GCC_WARN_UNINITIALIZED_AUTOS = YES_AGGRESSIVE;
				GCC_WARN_UNUSED_FUNCTION = YES;
				GCC_WARN_UNUSED_VARIABLE = YES;
				IPHONEOS_DEPLOYMENT_TARGET = 14.5;
				MTL_ENABLE_DEBUG_INFO = INCLUDE_SOURCE;
				MTL_FAST_MATH = YES;
				ONLY_ACTIVE_ARCH = YES;
				SDKROOT = iphoneos;
				SWIFT_ACTIVE_COMPILATION_CONDITIONS = DEBUG;
				SWIFT_OPTIMIZATION_LEVEL = "-Onone";
			};
			name = Debug;
		};
		877835B0270F854A00AE8362 /* Release */ = {
			isa = XCBuildConfiguration;
			buildSettings = {
				ALWAYS_SEARCH_USER_PATHS = NO;
				CLANG_ANALYZER_NONNULL = YES;
				CLANG_ANALYZER_NUMBER_OBJECT_CONVERSION = YES_AGGRESSIVE;
				CLANG_CXX_LANGUAGE_STANDARD = "gnu++14";
				CLANG_CXX_LIBRARY = "libc++";
				CLANG_ENABLE_MODULES = YES;
				CLANG_ENABLE_OBJC_ARC = YES;
				CLANG_ENABLE_OBJC_WEAK = YES;
				CLANG_WARN_BLOCK_CAPTURE_AUTORELEASING = YES;
				CLANG_WARN_BOOL_CONVERSION = YES;
				CLANG_WARN_COMMA = YES;
				CLANG_WARN_CONSTANT_CONVERSION = YES;
				CLANG_WARN_DEPRECATED_OBJC_IMPLEMENTATIONS = YES;
				CLANG_WARN_DIRECT_OBJC_ISA_USAGE = YES_ERROR;
				CLANG_WARN_DOCUMENTATION_COMMENTS = YES;
				CLANG_WARN_EMPTY_BODY = YES;
				CLANG_WARN_ENUM_CONVERSION = YES;
				CLANG_WARN_INFINITE_RECURSION = YES;
				CLANG_WARN_INT_CONVERSION = YES;
				CLANG_WARN_NON_LITERAL_NULL_CONVERSION = YES;
				CLANG_WARN_OBJC_IMPLICIT_RETAIN_SELF = YES;
				CLANG_WARN_OBJC_LITERAL_CONVERSION = YES;
				CLANG_WARN_OBJC_ROOT_CLASS = YES_ERROR;
				CLANG_WARN_QUOTED_INCLUDE_IN_FRAMEWORK_HEADER = YES;
				CLANG_WARN_RANGE_LOOP_ANALYSIS = YES;
				CLANG_WARN_STRICT_PROTOTYPES = YES;
				CLANG_WARN_SUSPICIOUS_MOVE = YES;
				CLANG_WARN_UNGUARDED_AVAILABILITY = YES_AGGRESSIVE;
				CLANG_WARN_UNREACHABLE_CODE = YES;
				CLANG_WARN__DUPLICATE_METHOD_MATCH = YES;
				COPY_PHASE_STRIP = NO;
				DEBUG_INFORMATION_FORMAT = "dwarf-with-dsym";
				ENABLE_NS_ASSERTIONS = NO;
				ENABLE_STRICT_OBJC_MSGSEND = YES;
				GCC_C_LANGUAGE_STANDARD = gnu11;
				GCC_NO_COMMON_BLOCKS = YES;
				GCC_WARN_64_TO_32_BIT_CONVERSION = YES;
				GCC_WARN_ABOUT_RETURN_TYPE = YES_ERROR;
				GCC_WARN_UNDECLARED_SELECTOR = YES;
				GCC_WARN_UNINITIALIZED_AUTOS = YES_AGGRESSIVE;
				GCC_WARN_UNUSED_FUNCTION = YES;
				GCC_WARN_UNUSED_VARIABLE = YES;
				IPHONEOS_DEPLOYMENT_TARGET = 14.5;
				MTL_ENABLE_DEBUG_INFO = NO;
				MTL_FAST_MATH = YES;
				SDKROOT = iphoneos;
				SWIFT_COMPILATION_MODE = wholemodule;
				SWIFT_OPTIMIZATION_LEVEL = "-O";
				VALIDATE_PRODUCT = YES;
			};
			name = Release;
		};
		877835B2270F854A00AE8362 /* Debug */ = {
			isa = XCBuildConfiguration;
			baseConfigurationReference = 953D5E4177987DD3EAEB2809 /* Pods-DertOrtagim.debug.xcconfig */;
			buildSettings = {
				ASSETCATALOG_COMPILER_APPICON_NAME = AppIcon;
				ASSETCATALOG_COMPILER_GLOBAL_ACCENT_COLOR_NAME = AccentColor;
				CODE_SIGN_STYLE = Automatic;
				DEVELOPMENT_TEAM = V6CZB46Y6J;
				INFOPLIST_FILE = DertOrtagim/Info.plist;
				LD_RUNPATH_SEARCH_PATHS = (
					"$(inherited)",
					"@executable_path/Frameworks",
				);
				PRODUCT_BUNDLE_IDENTIFIER = yakup.demir.DertOrtagim;
				PRODUCT_NAME = "$(TARGET_NAME)";
				SWIFT_VERSION = 5.0;
				TARGETED_DEVICE_FAMILY = "1,2";
			};
			name = Debug;
		};
		877835B3270F854A00AE8362 /* Release */ = {
			isa = XCBuildConfiguration;
			baseConfigurationReference = 7CF9A5E63386B08A5A44F802 /* Pods-DertOrtagim.release.xcconfig */;
			buildSettings = {
				ASSETCATALOG_COMPILER_APPICON_NAME = AppIcon;
				ASSETCATALOG_COMPILER_GLOBAL_ACCENT_COLOR_NAME = AccentColor;
				CODE_SIGN_STYLE = Automatic;
				DEVELOPMENT_TEAM = V6CZB46Y6J;
				INFOPLIST_FILE = DertOrtagim/Info.plist;
				LD_RUNPATH_SEARCH_PATHS = (
					"$(inherited)",
					"@executable_path/Frameworks",
				);
				PRODUCT_BUNDLE_IDENTIFIER = yakup.demir.DertOrtagim;
				PRODUCT_NAME = "$(TARGET_NAME)";
				SWIFT_VERSION = 5.0;
				TARGETED_DEVICE_FAMILY = "1,2";
			};
			name = Release;
		};
		877835B5270F854A00AE8362 /* Debug */ = {
			isa = XCBuildConfiguration;
			baseConfigurationReference = 873230217D4DC5B8B034C90F /* Pods-DertOrtagimTests.debug.xcconfig */;
			buildSettings = {
				ALWAYS_EMBED_SWIFT_STANDARD_LIBRARIES = YES;
				BUNDLE_LOADER = "$(TEST_HOST)";
				CODE_SIGN_STYLE = Automatic;
				DEVELOPMENT_TEAM = V6CZB46Y6J;
				INFOPLIST_FILE = DertOrtagimTests/Info.plist;
				IPHONEOS_DEPLOYMENT_TARGET = 14.5;
				LD_RUNPATH_SEARCH_PATHS = (
					"$(inherited)",
					"@executable_path/Frameworks",
					"@loader_path/Frameworks",
				);
				PRODUCT_BUNDLE_IDENTIFIER = yakup.demir.DertOrtagimTests;
				PRODUCT_NAME = "$(TARGET_NAME)";
				SWIFT_VERSION = 5.0;
				TARGETED_DEVICE_FAMILY = "1,2";
				TEST_HOST = "$(BUILT_PRODUCTS_DIR)/DertOrtagim.app/DertOrtagim";
			};
			name = Debug;
		};
		877835B6270F854A00AE8362 /* Release */ = {
			isa = XCBuildConfiguration;
			baseConfigurationReference = 2E4F1D3D1D66665809BBD0D7 /* Pods-DertOrtagimTests.release.xcconfig */;
			buildSettings = {
				ALWAYS_EMBED_SWIFT_STANDARD_LIBRARIES = YES;
				BUNDLE_LOADER = "$(TEST_HOST)";
				CODE_SIGN_STYLE = Automatic;
				DEVELOPMENT_TEAM = V6CZB46Y6J;
				INFOPLIST_FILE = DertOrtagimTests/Info.plist;
				IPHONEOS_DEPLOYMENT_TARGET = 14.5;
				LD_RUNPATH_SEARCH_PATHS = (
					"$(inherited)",
					"@executable_path/Frameworks",
					"@loader_path/Frameworks",
				);
				PRODUCT_BUNDLE_IDENTIFIER = yakup.demir.DertOrtagimTests;
				PRODUCT_NAME = "$(TARGET_NAME)";
				SWIFT_VERSION = 5.0;
				TARGETED_DEVICE_FAMILY = "1,2";
				TEST_HOST = "$(BUILT_PRODUCTS_DIR)/DertOrtagim.app/DertOrtagim";
			};
			name = Release;
		};
		877835B8270F854A00AE8362 /* Debug */ = {
			isa = XCBuildConfiguration;
			baseConfigurationReference = C444935914BDC95A3C14B684 /* Pods-DertOrtagim-DertOrtagimUITests.debug.xcconfig */;
			buildSettings = {
				ALWAYS_EMBED_SWIFT_STANDARD_LIBRARIES = YES;
				CODE_SIGN_STYLE = Automatic;
				DEVELOPMENT_TEAM = V6CZB46Y6J;
				INFOPLIST_FILE = DertOrtagimUITests/Info.plist;
				LD_RUNPATH_SEARCH_PATHS = (
					"$(inherited)",
					"@executable_path/Frameworks",
					"@loader_path/Frameworks",
				);
				PRODUCT_BUNDLE_IDENTIFIER = yakup.demir.DertOrtagimUITests;
				PRODUCT_NAME = "$(TARGET_NAME)";
				SWIFT_VERSION = 5.0;
				TARGETED_DEVICE_FAMILY = "1,2";
				TEST_TARGET_NAME = DertOrtagim;
			};
			name = Debug;
		};
		877835B9270F854A00AE8362 /* Release */ = {
			isa = XCBuildConfiguration;
			baseConfigurationReference = AC414E3945436390AAD7AD20 /* Pods-DertOrtagim-DertOrtagimUITests.release.xcconfig */;
			buildSettings = {
				ALWAYS_EMBED_SWIFT_STANDARD_LIBRARIES = YES;
				CODE_SIGN_STYLE = Automatic;
				DEVELOPMENT_TEAM = V6CZB46Y6J;
				INFOPLIST_FILE = DertOrtagimUITests/Info.plist;
				LD_RUNPATH_SEARCH_PATHS = (
					"$(inherited)",
					"@executable_path/Frameworks",
					"@loader_path/Frameworks",
				);
				PRODUCT_BUNDLE_IDENTIFIER = yakup.demir.DertOrtagimUITests;
				PRODUCT_NAME = "$(TARGET_NAME)";
				SWIFT_VERSION = 5.0;
				TARGETED_DEVICE_FAMILY = "1,2";
				TEST_TARGET_NAME = DertOrtagim;
			};
			name = Release;
		};
/* End XCBuildConfiguration section */

/* Begin XCConfigurationList section */
		8778357F270F854800AE8362 /* Build configuration list for PBXProject "DertOrtagim" */ = {
			isa = XCConfigurationList;
			buildConfigurations = (
				877835AF270F854A00AE8362 /* Debug */,
				877835B0270F854A00AE8362 /* Release */,
			);
			defaultConfigurationIsVisible = 0;
			defaultConfigurationName = Release;
		};
		877835B1270F854A00AE8362 /* Build configuration list for PBXNativeTarget "DertOrtagim" */ = {
			isa = XCConfigurationList;
			buildConfigurations = (
				877835B2270F854A00AE8362 /* Debug */,
				877835B3270F854A00AE8362 /* Release */,
			);
			defaultConfigurationIsVisible = 0;
			defaultConfigurationName = Release;
		};
		877835B4270F854A00AE8362 /* Build configuration list for PBXNativeTarget "DertOrtagimTests" */ = {
			isa = XCConfigurationList;
			buildConfigurations = (
				877835B5270F854A00AE8362 /* Debug */,
				877835B6270F854A00AE8362 /* Release */,
			);
			defaultConfigurationIsVisible = 0;
			defaultConfigurationName = Release;
		};
		877835B7270F854A00AE8362 /* Build configuration list for PBXNativeTarget "DertOrtagimUITests" */ = {
			isa = XCConfigurationList;
			buildConfigurations = (
				877835B8270F854A00AE8362 /* Debug */,
				877835B9270F854A00AE8362 /* Release */,
			);
			defaultConfigurationIsVisible = 0;
			defaultConfigurationName = Release;
		};
/* End XCConfigurationList section */

/* Begin XCVersionGroup section */
		87783590270F854800AE8362 /* DertOrtagim.xcdatamodeld */ = {
			isa = XCVersionGroup;
			children = (
				87783591270F854800AE8362 /* DertOrtagim.xcdatamodel */,
			);
			currentVersion = 87783591270F854800AE8362 /* DertOrtagim.xcdatamodel */;
			path = DertOrtagim.xcdatamodeld;
			sourceTree = "<group>";
			versionGroupType = wrapper.xcdatamodel;
		};
/* End XCVersionGroup section */
	};
	rootObject = 8778357C270F854800AE8362 /* Project object */;
}
